
Microsoft Visual Studio Solution File, Format Version 12.00
# Visual Studio Version 17
VisualStudioVersion = 17.4.33205.214
MinimumVisualStudioVersion = 10.0.40219.1
Project("{FAE04EC0-301F-11D3-BF4B-00C04F79EFBC}") = "BedeSlotMachine", "BedeSlotMachine\BedeSlotMachine.csproj", "{E84CA89D-B133-4FEA-A6BD-B878453B8BFC}"
EndProject
Global
	GlobalSection(SolutionConfigurationPlatforms) = preSolution
		Debug|Any CPU = Debug|Any CPU
		Release|Any CPU = Release|Any CPU
	EndGlobalSection
	GlobalSection(ProjectConfigurationPlatforms) = postSolution
		{E84CA89D-B133-4FEA-A6BD-B878453B8BFC}.Debug|Any CPU.ActiveCfg = Debug|Any CPU
		{E84CA89D-B133-4FEA-A6BD-B878453B8BFC}.Debug|Any CPU.Build.0 = Debug|Any CPU
		{E84CA89D-B133-4FEA-A6BD-B878453B8BFC}.Release|Any CPU.ActiveCfg = Release|Any CPU
		{E84CA89D-B133-4FEA-A6BD-B878453B8BFC}.Release|Any CPU.Build.0 = Release|Any CPU
	EndGlobalSection
	GlobalSection(SolutionProperties) = preSolution
		HideSolutionNode = FALSE
	EndGlobalSection
	GlobalSection(ExtensibilityGlobals) = postSolution
		SolutionGuid = {443D06DA-E29A-405F-8751-989CD007B1E9}
	EndGlobalSection
EndGlobal
